
Microsoft Visual Studio Solution File, Format Version 12.00
Project("{FAE04EC0-301F-11D3-BF4B-00C04F79EFBC}") = "FeatureFlagHelper", "FeatureFlagHelper\FeatureFlagHelper.csproj", "{044D8A59-79E1-41A8-AA2D-56061AD78C22}"
EndProject
Global
	GlobalSection(SolutionConfigurationPlatforms) = preSolution
		Debug|Any CPU = Debug|Any CPU
		Release|Any CPU = Release|Any CPU
	EndGlobalSection
	GlobalSection(ProjectConfigurationPlatforms) = postSolution
		{044D8A59-79E1-41A8-AA2D-56061AD78C22}.Debug|Any CPU.ActiveCfg = Debug|Any CPU
		{044D8A59-79E1-41A8-AA2D-56061AD78C22}.Debug|Any CPU.Build.0 = Debug|Any CPU
		{044D8A59-79E1-41A8-AA2D-56061AD78C22}.Release|Any CPU.ActiveCfg = Release|Any CPU
		{044D8A59-79E1-41A8-AA2D-56061AD78C22}.Release|Any CPU.Build.0 = Release|Any CPU
	EndGlobalSection
EndGlobal
